{
  "lockfileVersion": 1,
  "configVersion": 1,
  "workspaces": {
    "": {
      "name": "roost",
      "devDependencies": {
        "@playwright/test": "^1.61.0",
        "@types/bun": "latest",
        "@types/node": "22",
        "@typescript/native-preview": "^7.0.0-dev.20260621.1",
      },
    },
    "smoke": {
      "name": "smoke",
      "dependencies": {
        "@bufbuild/protobuf": "2.12.0",
        "@connectrpc/connect": "^2.1.2",
        "@connectrpc/connect-node": "^2.1.2",
        "fast-check": "^3.23.0",
        "kysely": "^0.29.2",
        "kysely-bun-sqlite": "^0.4.0",
        "zod": "^3.23.8",
      },
      "devDependencies": {
        "@bufbuild/buf": "^1.70.0",
        "@bufbuild/protoc-gen-es": "^2.12.0",
      },
    },
  },
  "packages": {
    "@bufbuild/buf": ["@bufbuild/buf@1.70.0", "", { "optionalDependencies": { "@bufbuild/buf-darwin-arm64": "1.70.0", "@bufbuild/buf-darwin-x64": "1.70.0", "@bufbuild/buf-linux-aarch64": "1.70.0", "@bufbuild/buf-linux-armv7": "1.70.0", "@bufbuild/buf-linux-x64": "1.70.0", "@bufbuild/buf-win32-arm64": "1.70.0", "@bufbuild/buf-win32-x64": "1.70.0" }, "bin": { "buf": "bin/buf", "protoc-gen-buf-breaking": "bin/protoc-gen-buf-breaking", "protoc-gen-buf-lint": "bin/protoc-gen-buf-lint" } }, "sha512-oJWGqltlu8F7VVNHLoJ3pFXhjfiGpbh7+/mXW0y+VMPWFGxc9YDv4de1UcX7zhhjV6MbE4SiEGo5Gs5jhpVg5A=="],

    "@bufbuild/buf-darwin-arm64": ["@bufbuild/buf-darwin-arm64@1.70.0", "", { "os": "darwin", "cpu": "arm64" }, "sha512-c7owUswBbMmwfHPH9JRBEJu09mrXYGC33V2JQCgraWCBm74Z95AOkhDua50qiBrQnysvJkJ0p/z4MWxJqcpnIA=="],

    "@bufbuild/buf-darwin-x64": ["@bufbuild/buf-darwin-x64@1.70.0", "", { "os": "darwin", "cpu": "x64" }, "sha512-sucV3lQXVuOqYs3+ToulkUh2tZuMnl286DKb44imp3PnexVhAVOP7d3ybYe98HNGwysEdjNP2WIOGb0uKuRCIQ=="],

    "@bufbuild/buf-linux-aarch64": ["@bufbuild/buf-linux-aarch64@1.70.0", "", { "os": "linux", "cpu": "arm64" }, "sha512-4viSYqbhIusd6LR+JayDex8S1rLUL+hTUMYUgSPl75EC93FpJM4vkk2RhoAhyjQqWF/JQLcyWV8kjRRiIwygdg=="],

    "@bufbuild/buf-linux-armv7": ["@bufbuild/buf-linux-armv7@1.70.0", "", { "os": "linux", "cpu": "arm" }, "sha512-GqujpTX4MXtYiUkxd6oI1g0JaCX3L6koT16Gl0D0HIQ/V2mptH7x4UW8nK3tAURMjrHsEEhcSJRtmfINTTKnsg=="],

    "@bufbuild/buf-linux-x64": ["@bufbuild/buf-linux-x64@1.70.0", "", { "os": "linux", "cpu": "x64" }, "sha512-5WHGUIb5iLFXcnqV33TDejqaPgx0CWFaYW7b4wh12wT0w3DR+ghFq6S6RmYyZLbTuhS4ZFsf+xyk5m+HViKxrA=="],

    "@bufbuild/buf-win32-arm64": ["@bufbuild/buf-win32-arm64@1.70.0", "", { "os": "win32", "cpu": "arm64" }, "sha512-dU1qh7iD08/1avCHwIOoGsatQctE6uGwgOue9GOaThi8/Rdy1x9CC/eFdyFSeCMwbUg9ABQvMGUocylfUe6xDw=="],

    "@bufbuild/buf-win32-x64": ["@bufbuild/buf-win32-x64@1.70.0", "", { "os": "win32", "cpu": "x64" }, "sha512-iKYbjTbEk0ppkv2SrsPFhYus93kj/aMN8aRsrpuo91ZVqXg8JcH4XXbgFpwiFAsiABjqKICFfnDomrFvv49UOA=="],

    "@bufbuild/protobuf": ["@bufbuild/protobuf@2.12.0", "", {}, "sha512-B/XlCaFIP8LOwzo+bz5uFzATYokcwCKQcghqnlfwSmM5eX/qTkvDBnDPs+gXtX/RyjxJ4DRikECcPJbyALA8FA=="],

    "@bufbuild/protoc-gen-es": ["@bufbuild/protoc-gen-es@2.12.0", "", { "dependencies": { "@bufbuild/protobuf": "2.12.0", "@bufbuild/protoplugin": "2.12.0" }, "bin": { "protoc-gen-es": "bin/protoc-gen-es" } }, "sha512-d9htF6jEkSwPbp9d/vSmZOBF7eeG18AvTMKmVg4I23afnrQOxL2w3WOXa9TaufMCyu24QakEUb4vux8apI5e7A=="],

    "@bufbuild/protoplugin": ["@bufbuild/protoplugin@2.12.0", "", { "dependencies": { "@bufbuild/protobuf": "2.12.0", "@typescript/vfs": "^1.6.2", "typescript": "5.4.5" } }, "sha512-ORlDITp8AFUXzIhLRoMCG+ud+D3MPKWb5HQXBoskMMnjeyEjE1H1qLonVNPyOr8lkx3xSfYUo8a0dvOZJVAzow=="],

    "@connectrpc/connect": ["@connectrpc/connect@2.1.2", "", { "peerDependencies": { "@bufbuild/protobuf": "^2.7.0" } }, "sha512-MXkBijtcX09R10Eb6sFeIetc6w6746eio6xtfuyVOH7oQAacT1X0GzMIQFux6Qy8cq3W/T5qX5Bei8YbFtmRGA=="],

    "@connectrpc/connect-node": ["@connectrpc/connect-node@2.1.2", "", { "peerDependencies": { "@bufbuild/protobuf": "^2.7.0", "@connectrpc/connect": "2.1.2" } }, "sha512-+i/aAOpsI8sIx1mbYp6d99zvxaUSF6t/jP9Ux9maAmjsZPgmIQ3JuIeYi0zJIP9zlCnBlJjkpPosshCgdRuThQ=="],

    "@playwright/test": ["@playwright/test@1.62.0", "", { "dependencies": { "playwright": "1.62.0" }, "bin": { "playwright": "cli.js" } }, "sha512-9zOJ6ZQRAena31MpOH9VSzIz8Ou3YJ/wtY/eQm5T2uhfhG7/U3COrMS8xOtUrZrp9OgdmzEnIYODye3nY1VqzA=="],

    "@types/bun": ["@types/bun@1.3.14", "", { "dependencies": { "bun-types": "1.3.14" } }, "sha512-h1hFqFVcvAvD9j9K7ZW7vd82aSA+rTdznZa+5bwvCwqSB1jmmfLcbIWhOLx1/+boy/xmjgCs/OMUL8hRJSmnPw=="],

    "@types/node": ["@types/node@22.19.21", "", { "dependencies": { "undici-types": "~6.21.0" } }, "sha512-VMeFBSCKQKmm2swI2kW51SFusDqekC6q9trBCvJ/JliDchFSuoYYKN7yVNjPthP1HKZcx3U1gI/wTcEBjEFKTA=="],

    "@typescript/native-preview": ["@typescript/native-preview@7.0.0-dev.20260621.1", "", { "optionalDependencies": { "@typescript/native-preview-darwin-arm64": "7.0.0-dev.20260621.1", "@typescript/native-preview-darwin-x64": "7.0.0-dev.20260621.1", "@typescript/native-preview-linux-arm": "7.0.0-dev.20260621.1", "@typescript/native-preview-linux-arm64": "7.0.0-dev.20260621.1", "@typescript/native-preview-linux-x64": "7.0.0-dev.20260621.1", "@typescript/native-preview-win32-arm64": "7.0.0-dev.20260621.1", "@typescript/native-preview-win32-x64": "7.0.0-dev.20260621.1" }, "bin": { "tsgo": "bin/tsgo.js" } }, "sha512-2epYxi5NDRPOvAG8TPEFd43qDVGHhD4IbIHF0uhsy72OSUbVY2rjEAv1DkW1Q2p/YbszXd7ZL/Ulch8VuDDS1g=="],

    "@typescript/native-preview-darwin-arm64": ["@typescript/native-preview-darwin-arm64@7.0.0-dev.20260621.1", "", { "os": "darwin", "cpu": "arm64" }, "sha512-E81mNlY2JqZlDqflCvRpt6WhU6ha1SOkRC85o+EmKZJCjBxaaJpBGdwGjIisv2jiEMcHy2OW4ZHcE9GTM1BL2A=="],

    "@typescript/native-preview-darwin-x64": ["@typescript/native-preview-darwin-x64@7.0.0-dev.20260621.1", "", { "os": "darwin", "cpu": "x64" }, "sha512-VS4VF8L0So56tC1jaJ57pMQOGd0Hc1wU0RIMkJi41/dKvcmc/WTRa7hiWJwzZLxXhZoVkdjesT36D9GahoAulg=="],

    "@typescript/native-preview-linux-arm": ["@typescript/native-preview-linux-arm@7.0.0-dev.20260621.1", "", { "os": "linux", "cpu": "arm" }, "sha512-2Xp+pu7Xu9EMKxYFiZuyIzd6KUkMn7SvElzgBRwbrhfsk54Jieg2sxyL3aAw9xfzRsEN4m1VrU3Z/iq2gL5OUw=="],

    "@typescript/native-preview-linux-arm64": ["@typescript/native-preview-linux-arm64@7.0.0-dev.20260621.1", "", { "os": "linux", "cpu": "arm64" }, "sha512-Ek1uLWN6VzqwwTQNu1vcnRW4F3ipqvediLEwJP6uR5P6vrXYE7XvcGLEJcXiw31SR40NhxZW/RhLcJrHQcehrA=="],

    "@typescript/native-preview-linux-x64": ["@typescript/native-preview-linux-x64@7.0.0-dev.20260621.1", "", { "os": "linux", "cpu": "x64" }, "sha512-VUhea6+Drw+PHRpsjsY7lNOZtXAlRXLHrpYynJU3jfnSflYgoqkrvlSzWVhcvhkjxGOZsqlIV+5ryy8ANZ6peg=="],

    "@typescript/native-preview-win32-arm64": ["@typescript/native-preview-win32-arm64@7.0.0-dev.20260621.1", "", { "os": "win32", "cpu": "arm64" }, "sha512-JyxxNWWs2X7WzK90zN8hgGKqP4zo2/y7Z2tlLLaHhSFtEh1AC+tsQun3NBlW9JvF1vHhGI/hPpnoZOxLO0CEWw=="],

    "@typescript/native-preview-win32-x64": ["@typescript/native-preview-win32-x64@7.0.0-dev.20260621.1", "", { "os": "win32", "cpu": "x64" }, "sha512-2ijIynqyxK1LkWUpLlmsBKuH7XHk6K4TAwdnfZ7x7BQHF9Z3okIXtKMzOik8fajB3oooVrEvbfOe2Mf+uZ7maQ=="],

    "@typescript/vfs": ["@typescript/vfs@1.6.4", "", { "dependencies": { "debug": "^4.4.3" }, "peerDependencies": { "typescript": "*" } }, "sha512-PJFXFS4ZJKiJ9Qiuix6Dz/OwEIqHD7Dme1UwZhTK11vR+5dqW2ACbdndWQexBzCx+CPuMe5WBYQWCsFyGlQLlQ=="],

    "bun-types": ["bun-types@1.3.14", "", { "dependencies": { "@types/node": "*" } }, "sha512-4N0ig0fEomHt5R0KCFWjovxow98rIoRwKolrYdCcknNwMekCXRnWEUvgu5soYV8QXtVsrUD8B95MBOZGPvr6KQ=="],

    "debug": ["debug@4.4.3", "", { "dependencies": { "ms": "^2.1.3" }, "peerDependencies": { "supports-color": "*" }, "optionalPeers": ["supports-color"] }, "sha512-RGwwWnwQvkVfavKVt22FGLw+xYSdzARwm0ru6DhTVA3umU5hZc28V3kO4stgYryrTlLpuvgI9GiijltAjNbcqA=="],

    "fast-check": ["fast-check@3.23.2", "", { "dependencies": { "pure-rand": "^6.1.0" } }, "sha512-h5+1OzzfCC3Ef7VbtKdcv7zsstUQwUDlYpUTvjeUsJAssPgLn7QzbboPtL5ro04Mq0rPOsMzl7q5hIbRs2wD1A=="],

    "fsevents": ["fsevents@2.3.2", "", { "os": "darwin" }, "sha512-xiqMQR4xAeHTuB9uWm+fFRcIOgKBMiOBP+eXiyT7jsgVCq1bkVygt00oASowB7EdtpOHaaPgKt812P9ab+DDKA=="],

    "kysely": ["kysely@0.29.2", "", {}, "sha512-s6WVJyEZrbm6jhBpiKHsGHyePMrVQKJ85wZCFCr9W4QHv6WTjWIrdvTmO9hDEA3bNK0xkrE2DqrHsXMLWuZpQg=="],

    "kysely-bun-sqlite": ["kysely-bun-sqlite@0.4.0", "", { "dependencies": { "bun-types": "^1.1.31" }, "peerDependencies": { "kysely": "^0.28.2" } }, "sha512-2EkQE5sT4ewiw7IWfJsAkpxJ/QPVKXKO5sRYI/xjjJIJlECuOdtG+ssYM0twZJySrdrmuildNPFYVreyu1EdZg=="],

    "ms": ["ms@2.1.3", "", {}, "sha512-6FlzubTLZG3J2a/NVCAleEhjzq5oxgHyaCU9yYXvcLsvoVaHJq/s5xXI6/XXP6tz7R9xAOtHnSO/tXtF3WRTlA=="],

    "playwright": ["playwright@1.62.0", "", { "dependencies": { "playwright-core": "1.62.0" }, "optionalDependencies": { "fsevents": "2.3.2" }, "bin": { "playwright": "cli.js" } }, "sha512-Z14dG305dgaLu6foB1TXQagFiW8JfSUIUaUuPaKQ6NtBPKF1P/qXcqfh6c6K/icPqdy37JmjbiBXf6JNg6Sylw=="],

    "playwright-core": ["playwright-core@1.62.0", "", { "bin": { "playwright-core": "cli.js" } }, "sha512-nsNRyq0r2zsG8AcRHWknc9QRA5XCueC7gWMrs+Gx2tlZn9hcl8zudfh00lhJPY1DE7NmZ6bDsT9g2yey8mXljA=="],

    "pure-rand": ["pure-rand@6.1.0", "", {}, "sha512-bVWawvoZoBYpp6yIoQtQXHZjmz35RSVHnUOTefl8Vcjr8snTPY1wnpSPMWekcFwbxI6gtmT7rSYPFvz71ldiOA=="],

    "smoke": ["smoke@workspace:smoke"],

    "typescript": ["typescript@5.4.5", "", { "bin": { "tsc": "bin/tsc", "tsserver": "bin/tsserver" } }, "sha512-vcI4UpRgg81oIRUFwR0WSIHKt11nJ7SAVlYNIu+QpqeyXP+gpQJy/Z4+F0aGxSE4MqwjyXvW/TzgkLAx2AGHwQ=="],

    "undici-types": ["undici-types@6.21.0", "", {}, "sha512-iwDZqg0QAGrg9Rav5H4n0M64c3mkR59cJ6wQp+7C4nI0gsmExaedaYLNO44eT4AtBBwjbTiGPMlt2Md0T9H9JQ=="],

    "zod": ["zod@3.25.76", "", {}, "sha512-gzUt/qt81nXsFGKIFcC3YnfEAx5NkunCfnDlvuBSSFS02bcXu4Lmea0AFIUwbLWxWPx3d9p8S5QoaujKcNQxcQ=="],

    "bun-types/@types/node": ["@types/node@25.9.3", "", { "dependencies": { "undici-types": ">=7.24.0 <7.24.7" } }, "sha512-603BddQMv3pUcr4U2dhujk83N2tTDVr/34wII2B6bJy6g+8WD6yUb11jszNs0gdi4PesVWl7ABt8nYMVpnLUcg=="],

    "bun-types/@types/node/undici-types": ["undici-types@7.24.6", "", {}, "sha512-WRNW+sJgj5OBN4/0JpHFqtqzhpbnV0GuB+OozA9gCL7a993SmU+1JBZCzLNxYsbMfIeDL+lTsphD5jN5N+n0zg=="],
  }
}
